
Microsoft Visual Studio Solution File, Format Version 12.00
# Visual Studio Version 16
VisualStudioVersion = 16.0.810.19
MinimumVisualStudioVersion = 10.0.40219.1
Project("{FAE04EC0-301F-11D3-BF4B-00C04F79EFBC}") = "csharp_lessons", "csharp_lessons.csproj", "{FDE48A4B-9BE7-40DC-9427-D7FFF25A7D7C}"
EndProject
Global
	GlobalSection(SolutionConfigurationPlatforms) = preSolution
		Debug|Any CPU = Debug|Any CPU
		Release|Any CPU = Release|Any CPU
	EndGlobalSection
	GlobalSection(ProjectConfigurationPlatforms) = postSolution
		{FDE48A4B-9BE7-40DC-9427-D7FFF25A7D7C}.Debug|Any CPU.ActiveCfg = Debug|Any CPU
		{FDE48A4B-9BE7-40DC-9427-D7FFF25A7D7C}.Debug|Any CPU.Build.0 = Debug|Any CPU
		{FDE48A4B-9BE7-40DC-9427-D7FFF25A7D7C}.Release|Any CPU.ActiveCfg = Release|Any CPU
		{FDE48A4B-9BE7-40DC-9427-D7FFF25A7D7C}.Release|Any CPU.Build.0 = Release|Any CPU
	EndGlobalSection
	GlobalSection(SolutionProperties) = preSolution
		HideSolutionNode = FALSE
	EndGlobalSection
	GlobalSection(ExtensibilityGlobals) = postSolution
		SolutionGuid = {68770AE7-ED7C-4B96-8E65-377D62775863}
	EndGlobalSection
EndGlobal
